{
  "name": "huggerengine-rect",
  "version": "0.1.4",
  "lockfileVersion": 2,
  "requires": true,
  "packages": {
    "": {
      "name": "huggerengine-rect",
      "version": "0.1.4",
      "license": "MIT",
      "dependencies": {
        "huggerengine": "^0.1.5"
      }
    },
    "../../gameengine": {
      "name": "huggerengine",
      "version": "0.1.1",
      "extraneous": true,
      "license": "MIT"
    },
    "node_modules/huggerengine": {
      "version": "0.1.5",
      "resolved": "https://registry.npmjs.org/huggerengine/-/huggerengine-0.1.5.tgz",
      "integrity": "sha512-l8kSDbgOUtS0yqJh6kNMZrFPIFmYCawIGGnHgx9yijMKfIJIcsF/+F32lROCKnBZKRLie+nxa4bQWx5WvBSQwA=="
    }
  },
  "dependencies": {
    "huggerengine": {
      "version": "0.1.5",
      "resolved": "https://registry.npmjs.org/huggerengine/-/huggerengine-0.1.5.tgz",
      "integrity": "sha512-l8kSDbgOUtS0yqJh6kNMZrFPIFmYCawIGGnHgx9yijMKfIJIcsF/+F32lROCKnBZKRLie+nxa4bQWx5WvBSQwA=="
    }
  }
}
