{
  "name": "huggerengine-box",
  "version": "0.0.1",
  "lockfileVersion": 2,
  "requires": true,
  "packages": {
    "": {
      "name": "huggerengine-box",
      "version": "0.0.1",
      "license": "MIT",
      "dependencies": {
        "@bisaek/gameengineweb": "file:../../gameengine",
        "huggerengine": "^0.1.1"
      }
    },
    "../../gameengine": {
      "name": "huggerengine",
      "version": "0.1.1",
      "license": "MIT"
    },
    "node_modules/@bisaek/gameengineweb": {
      "resolved": "../../gameengine",
      "link": true
    },
    "node_modules/huggerengine": {
      "version": "0.1.1",
      "resolved": "https://registry.npmjs.org/huggerengine/-/huggerengine-0.1.1.tgz",
      "integrity": "sha512-2cCz6111Z43pi1ifL5Pyn/+v0x3BLRvbom38HnIG8kc4OsDMsD6VMeAOjf3qNM1KKwb5OAfvRKEwGzJdVPAinQ=="
    }
  },
  "dependencies": {
    "@bisaek/gameengineweb": {
      "version": "file:../../gameengine"
    },
    "huggerengine": {
      "version": "0.1.1",
      "resolved": "https://registry.npmjs.org/huggerengine/-/huggerengine-0.1.1.tgz",
      "integrity": "sha512-2cCz6111Z43pi1ifL5Pyn/+v0x3BLRvbom38HnIG8kc4OsDMsD6VMeAOjf3qNM1KKwb5OAfvRKEwGzJdVPAinQ=="
    }
  }
}
