{
  "name": "huggerengine-collision",
  "version": "0.1.0",
  "lockfileVersion": 2,
  "requires": true,
  "packages": {
    "": {
      "name": "huggerengine-collision",
      "version": "0.1.0",
      "license": "MIT",
      "dependencies": {
        "huggerengine": "^0.1.1",
        "huggerengine-collision": "^0.1.0"
      }
    },
    "../../gameengine": {
      "name": "huggerengine",
      "version": "0.1.1",
      "extraneous": true,
      "license": "MIT"
    },
    "node_modules/huggerengine": {
      "version": "0.1.1",
      "resolved": "https://registry.npmjs.org/huggerengine/-/huggerengine-0.1.1.tgz",
      "integrity": "sha512-2cCz6111Z43pi1ifL5Pyn/+v0x3BLRvbom38HnIG8kc4OsDMsD6VMeAOjf3qNM1KKwb5OAfvRKEwGzJdVPAinQ=="
    },
    "node_modules/huggerengine-collision": {
      "version": "0.1.0",
      "resolved": "https://registry.npmjs.org/huggerengine-collision/-/huggerengine-collision-0.1.0.tgz",
      "integrity": "sha512-3vaKVbJvNtE/Kn/eWKT1r/xZIfZJIeBvK8Ea7Ui5WiLiLsJ2/AAfNoTMs5474eqFnOl9qxBM6VeTTrNzO3BtAQ==",
      "dependencies": {
        "huggerengine": "^0.1.1"
      }
    }
  },
  "dependencies": {
    "huggerengine": {
      "version": "0.1.1",
      "resolved": "https://registry.npmjs.org/huggerengine/-/huggerengine-0.1.1.tgz",
      "integrity": "sha512-2cCz6111Z43pi1ifL5Pyn/+v0x3BLRvbom38HnIG8kc4OsDMsD6VMeAOjf3qNM1KKwb5OAfvRKEwGzJdVPAinQ=="
    },
    "huggerengine-collision": {
      "version": "0.1.0",
      "resolved": "https://registry.npmjs.org/huggerengine-collision/-/huggerengine-collision-0.1.0.tgz",
      "integrity": "sha512-3vaKVbJvNtE/Kn/eWKT1r/xZIfZJIeBvK8Ea7Ui5WiLiLsJ2/AAfNoTMs5474eqFnOl9qxBM6VeTTrNzO3BtAQ==",
      "requires": {
        "huggerengine": "^0.1.1"
      }
    }
  }
}
