{
  "name": "@bisaek/gameengine-collision",
  "version": "0.1.0",
  "lockfileVersion": 2,
  "requires": true,
  "packages": {
    "": {
      "name": "@bisaek/gameengine-collision",
      "version": "0.1.0",
      "license": "MIT",
      "devDependencies": {
        "@bisaek/gameengineweb": "file:../../gameengine"
      }
    },
    "../../gameengine": {
      "version": "0.1.0",
      "dev": true,
      "license": "MIT"
    },
    "node_modules/@bisaek/gameengineweb": {
      "resolved": "../../gameengine",
      "link": true
    }
  },
  "dependencies": {
    "@bisaek/gameengineweb": {
      "version": "file:../../gameengine"
    }
  }
}
